
Microsoft Visual Studio Solution File, Format Version 12.00
# Visual Studio Version 16
VisualStudioVersion = 16.0.31019.35
MinimumVisualStudioVersion = 10.0.40219.1
Project("{9A19103F-16F7-4668-BE54-9A1E7A4F7556}") = "UnionFind", "UnionFind\UnionFind.csproj", "{AF27B30F-E628-4D29-88BE-C091F00AC2BB}"
EndProject
Project("{9A19103F-16F7-4668-BE54-9A1E7A4F7556}") = "Stack", "Stack\Stack.csproj", "{2AECB393-CB26-4AAC-A441-C80322831DEB}"
EndProject
Project("{9A19103F-16F7-4668-BE54-9A1E7A4F7556}") = "Queue", "Queue\Queue.csproj", "{2270DE14-01B5-403F-B229-131A9E1B74F8}"
EndProject
Project("{9A19103F-16F7-4668-BE54-9A1E7A4F7556}") = "SortingAlgorithms", "SortingAlgorithms\SortingAlgorithms.csproj", "{500A8226-FE53-4141-94E5-069FE2FB022B}"
EndProject
Project("{9A19103F-16F7-4668-BE54-9A1E7A4F7556}") = "PriorityQueue", "PriorityQueue\PriorityQueue.csproj", "{365CA8CA-06E1-426D-B552-A4510CEC678A}"
EndProject
Project("{9A19103F-16F7-4668-BE54-9A1E7A4F7556}") = "SymbolTable", "SymbolTable\SymbolTable.csproj", "{07C83743-1EC2-4A43-BBA8-8B7F85139FAB}"
EndProject
Project("{9A19103F-16F7-4668-BE54-9A1E7A4F7556}") = "Tree", "BinarySearchTree\Tree.csproj", "{8F980773-3F74-490E-846B-2DE455C151D4}"
EndProject
Project("{9A19103F-16F7-4668-BE54-9A1E7A4F7556}") = "Graphs", "Graphs\Graphs.csproj", "{12AF7519-C233-4812-878A-6494E1FD841C}"
EndProject
Project("{9A19103F-16F7-4668-BE54-9A1E7A4F7556}") = "GraphAPI", "GraphAPI\GraphAPI.csproj", "{2C1EC68E-E3C8-447E-BB23-33C233BECE1E}"
EndProject
Project("{9A19103F-16F7-4668-BE54-9A1E7A4F7556}") = "StringAlgorithms", "SubstringSearch\StringAlgorithms.csproj", "{B07C3730-FC50-4232-9F0D-05984E5DB681}"
EndProject
Project("{9A19103F-16F7-4668-BE54-9A1E7A4F7556}") = "RadixSort", "RadixSort\RadixSort.csproj", "{B5A2DBEF-DC92-4D36-B508-2D9984B4E9EC}"
EndProject
Project("{FAE04EC0-301F-11D3-BF4B-00C04F79EFBC}") = "Tries", "Tries\Tries.csproj", "{AF5BCA61-FFA1-4E50-A18A-0FAF85D35268}"
EndProject
Global
	GlobalSection(SolutionConfigurationPlatforms) = preSolution
		Debug|Any CPU = Debug|Any CPU
		Release|Any CPU = Release|Any CPU
	EndGlobalSection
	GlobalSection(ProjectConfigurationPlatforms) = postSolution
		{AF27B30F-E628-4D29-88BE-C091F00AC2BB}.Debug|Any CPU.ActiveCfg = Debug|Any CPU
		{AF27B30F-E628-4D29-88BE-C091F00AC2BB}.Debug|Any CPU.Build.0 = Debug|Any CPU
		{AF27B30F-E628-4D29-88BE-C091F00AC2BB}.Release|Any CPU.ActiveCfg = Release|Any CPU
		{AF27B30F-E628-4D29-88BE-C091F00AC2BB}.Release|Any CPU.Build.0 = Release|Any CPU
		{2AECB393-CB26-4AAC-A441-C80322831DEB}.Debug|Any CPU.ActiveCfg = Debug|Any CPU
		{2AECB393-CB26-4AAC-A441-C80322831DEB}.Debug|Any CPU.Build.0 = Debug|Any CPU
		{2AECB393-CB26-4AAC-A441-C80322831DEB}.Release|Any CPU.ActiveCfg = Release|Any CPU
		{2AECB393-CB26-4AAC-A441-C80322831DEB}.Release|Any CPU.Build.0 = Release|Any CPU
		{2270DE14-01B5-403F-B229-131A9E1B74F8}.Debug|Any CPU.ActiveCfg = Debug|Any CPU
		{2270DE14-01B5-403F-B229-131A9E1B74F8}.Debug|Any CPU.Build.0 = Debug|Any CPU
		{2270DE14-01B5-403F-B229-131A9E1B74F8}.Release|Any CPU.ActiveCfg = Release|Any CPU
		{2270DE14-01B5-403F-B229-131A9E1B74F8}.Release|Any CPU.Build.0 = Release|Any CPU
		{500A8226-FE53-4141-94E5-069FE2FB022B}.Debug|Any CPU.ActiveCfg = Debug|Any CPU
		{500A8226-FE53-4141-94E5-069FE2FB022B}.Debug|Any CPU.Build.0 = Debug|Any CPU
		{500A8226-FE53-4141-94E5-069FE2FB022B}.Release|Any CPU.ActiveCfg = Release|Any CPU
		{500A8226-FE53-4141-94E5-069FE2FB022B}.Release|Any CPU.Build.0 = Release|Any CPU
		{365CA8CA-06E1-426D-B552-A4510CEC678A}.Debug|Any CPU.ActiveCfg = Debug|Any CPU
		{365CA8CA-06E1-426D-B552-A4510CEC678A}.Debug|Any CPU.Build.0 = Debug|Any CPU
		{365CA8CA-06E1-426D-B552-A4510CEC678A}.Release|Any CPU.ActiveCfg = Release|Any CPU
		{365CA8CA-06E1-426D-B552-A4510CEC678A}.Release|Any CPU.Build.0 = Release|Any CPU
		{07C83743-1EC2-4A43-BBA8-8B7F85139FAB}.Debug|Any CPU.ActiveCfg = Debug|Any CPU
		{07C83743-1EC2-4A43-BBA8-8B7F85139FAB}.Debug|Any CPU.Build.0 = Debug|Any CPU
		{07C83743-1EC2-4A43-BBA8-8B7F85139FAB}.Release|Any CPU.ActiveCfg = Release|Any CPU
		{07C83743-1EC2-4A43-BBA8-8B7F85139FAB}.Release|Any CPU.Build.0 = Release|Any CPU
		{8F980773-3F74-490E-846B-2DE455C151D4}.Debug|Any CPU.ActiveCfg = Debug|Any CPU
		{8F980773-3F74-490E-846B-2DE455C151D4}.Debug|Any CPU.Build.0 = Debug|Any CPU
		{8F980773-3F74-490E-846B-2DE455C151D4}.Release|Any CPU.ActiveCfg = Release|Any CPU
		{8F980773-3F74-490E-846B-2DE455C151D4}.Release|Any CPU.Build.0 = Release|Any CPU
		{12AF7519-C233-4812-878A-6494E1FD841C}.Debug|Any CPU.ActiveCfg = Debug|Any CPU
		{12AF7519-C233-4812-878A-6494E1FD841C}.Debug|Any CPU.Build.0 = Debug|Any CPU
		{12AF7519-C233-4812-878A-6494E1FD841C}.Release|Any CPU.ActiveCfg = Release|Any CPU
		{12AF7519-C233-4812-878A-6494E1FD841C}.Release|Any CPU.Build.0 = Release|Any CPU
		{2C1EC68E-E3C8-447E-BB23-33C233BECE1E}.Debug|Any CPU.ActiveCfg = Debug|Any CPU
		{2C1EC68E-E3C8-447E-BB23-33C233BECE1E}.Debug|Any CPU.Build.0 = Debug|Any CPU
		{2C1EC68E-E3C8-447E-BB23-33C233BECE1E}.Release|Any CPU.ActiveCfg = Release|Any CPU
		{2C1EC68E-E3C8-447E-BB23-33C233BECE1E}.Release|Any CPU.Build.0 = Release|Any CPU
		{B07C3730-FC50-4232-9F0D-05984E5DB681}.Debug|Any CPU.ActiveCfg = Debug|Any CPU
		{B07C3730-FC50-4232-9F0D-05984E5DB681}.Debug|Any CPU.Build.0 = Debug|Any CPU
		{B07C3730-FC50-4232-9F0D-05984E5DB681}.Release|Any CPU.ActiveCfg = Release|Any CPU
		{B07C3730-FC50-4232-9F0D-05984E5DB681}.Release|Any CPU.Build.0 = Release|Any CPU
		{B5A2DBEF-DC92-4D36-B508-2D9984B4E9EC}.Debug|Any CPU.ActiveCfg = Debug|Any CPU
		{B5A2DBEF-DC92-4D36-B508-2D9984B4E9EC}.Debug|Any CPU.Build.0 = Debug|Any CPU
		{B5A2DBEF-DC92-4D36-B508-2D9984B4E9EC}.Release|Any CPU.ActiveCfg = Release|Any CPU
		{B5A2DBEF-DC92-4D36-B508-2D9984B4E9EC}.Release|Any CPU.Build.0 = Release|Any CPU
		{AF5BCA61-FFA1-4E50-A18A-0FAF85D35268}.Debug|Any CPU.ActiveCfg = Debug|Any CPU
		{AF5BCA61-FFA1-4E50-A18A-0FAF85D35268}.Debug|Any CPU.Build.0 = Debug|Any CPU
		{AF5BCA61-FFA1-4E50-A18A-0FAF85D35268}.Release|Any CPU.ActiveCfg = Release|Any CPU
		{AF5BCA61-FFA1-4E50-A18A-0FAF85D35268}.Release|Any CPU.Build.0 = Release|Any CPU
	EndGlobalSection
	GlobalSection(SolutionProperties) = preSolution
		HideSolutionNode = FALSE
	EndGlobalSection
	GlobalSection(ExtensibilityGlobals) = postSolution
		SolutionGuid = {E1FBF987-6232-4CB8-890C-B780638FC45D}
	EndGlobalSection
EndGlobal
